
Microsoft Visual Studio Solution File, Format Version 12.00
# Visual Studio Version 16
VisualStudioVersion = 16.0.31624.102
MinimumVisualStudioVersion = 10.0.40219.1
Project("{FAE04EC0-301F-11D3-BF4B-00C04F79EFBC}") = "VentaDeProductos", "VentaDeProductos\VentaDeProductos.csproj", "{AD93A494-CC70-41F8-B2E4-00E287E3BE2C}"
EndProject
Global
	GlobalSection(SolutionConfigurationPlatforms) = preSolution
		Debug|Any CPU = Debug|Any CPU
		Release|Any CPU = Release|Any CPU
	EndGlobalSection
	GlobalSection(ProjectConfigurationPlatforms) = postSolution
		{AD93A494-CC70-41F8-B2E4-00E287E3BE2C}.Debug|Any CPU.ActiveCfg = Debug|Any CPU
		{AD93A494-CC70-41F8-B2E4-00E287E3BE2C}.Debug|Any CPU.Build.0 = Debug|Any CPU
		{AD93A494-CC70-41F8-B2E4-00E287E3BE2C}.Release|Any CPU.ActiveCfg = Release|Any CPU
		{AD93A494-CC70-41F8-B2E4-00E287E3BE2C}.Release|Any CPU.Build.0 = Release|Any CPU
	EndGlobalSection
	GlobalSection(SolutionProperties) = preSolution
		HideSolutionNode = FALSE
	EndGlobalSection
	GlobalSection(ExtensibilityGlobals) = postSolution
		SolutionGuid = {B111456F-D5F7-4216-B612-3C7A7F790C96}
	EndGlobalSection
EndGlobal
